
Microsoft Visual Studio Solution File, Format Version 12.00
# Visual Studio 2013
VisualStudioVersion = 12.0.30501.0
MinimumVisualStudioVersion = 10.0.40219.1
Project("{2150E333-8FDC-42A3-9474-1A3956D46DE8}") = "Bikewale.DAL", "Bikewale.DAL", "{42FF1FB7-AC82-4750-8DF6-2BF39E69950E}"
EndProject
Project("{2150E333-8FDC-42A3-9474-1A3956D46DE8}") = "Bikewale.BAL", "Bikewale.BAL", "{D2AE1DE5-22CC-4CA0-AD06-E5B85E93F6E9}"
EndProject
Project("{2150E333-8FDC-42A3-9474-1A3956D46DE8}") = "Bikewale.Presentation", "Bikewale.Presentation", "{595F5764-E4E2-4088-BBC2-224213D92FE4}"
EndProject
Project("{FAE04EC0-301F-11D3-BF4B-00C04F79EFBC}") = "Bikewale.DAL", "Bikewale.DAL\Bikewale.DAL.csproj", "{E5CB4B6A-65E1-4AF5-B989-1B2D4242D3FD}"
EndProject
Project("{FAE04EC0-301F-11D3-BF4B-00C04F79EFBC}") = "Bikewale.DAL.CoreDAL", "Bikewale.DAL.CoreDAL\Bikewale.DAL.CoreDAL.csproj", "{D5229109-3B85-48E7-9FF8-5385BDB54C87}"
EndProject
Project("{2150E333-8FDC-42A3-9474-1A3956D46DE8}") = "Bikewale.Entities", "Bikewale.Entities", "{7056EFC6-5A25-483F-85CF-686413A705D4}"
EndProject
Project("{2150E333-8FDC-42A3-9474-1A3956D46DE8}") = "Bikewale.Interfaces", "Bikewale.Interfaces", "{2DC8B74C-A310-4479-A869-9D397F8BE000}"
EndProject
Project("{FAE04EC0-301F-11D3-BF4B-00C04F79EFBC}") = "Bikewale.Interfaces", "Bikewale.Interfaces\Bikewale.Interfaces.csproj", "{12B0EDCD-AA9E-41BB-BDC9-CEF75952FD49}"
EndProject
Project("{FAE04EC0-301F-11D3-BF4B-00C04F79EFBC}") = "Bikewale.Entities", "Bikewale.Entities\Bikewale.Entities.csproj", "{8223A4B8-DB14-4658-9897-257D872AE8D9}"
EndProject
Project("{2150E333-8FDC-42A3-9474-1A3956D46DE8}") = "Bikewale.Notifications", "Bikewale.Notifications", "{7AC67742-45E5-4BF9-AB6B-9C34DBB84A35}"
EndProject
Project("{FAE04EC0-301F-11D3-BF4B-00C04F79EFBC}") = "Bikewale.Notifications", "Bikewale.Notifications\Bikewale.Notifications.csproj", "{DB695E13-ED0E-4349-A32E-A6D03D06C597}"
EndProject
Project("{FAE04EC0-301F-11D3-BF4B-00C04F79EFBC}") = "Bikewale.BAL", "Bikewale.BAL\Bikewale.BAL.csproj", "{3CA0D7B6-7E09-449C-A34D-C08CA8118876}"
EndProject
Project("{FAE04EC0-301F-11D3-BF4B-00C04F79EFBC}") = "BikeWale", "BikeWale.UI\BikeWale.csproj", "{E3512B04-CD47-4E15-AB1D-CCFC92193273}"
EndProject
Project("{FAE04EC0-301F-11D3-BF4B-00C04F79EFBC}") = "Bikewale.DTO", "Bikewale.DTO\Bikewale.DTO.csproj", "{A6404F19-B267-4E37-B186-D8FC010AD2CE}"
EndProject
Project("{FAE04EC0-301F-11D3-BF4B-00C04F79EFBC}") = "Bikewale.Interfaces.Service", "Bikewale.Interfaces.Service\Bikewale.Interfaces.Service.csproj", "{B153DBA2-648E-4CA3-8F74-60C18531BBF4}"
EndProject
Project("{2150E333-8FDC-42A3-9474-1A3956D46DE8}") = "Bikewale.Cache", "Bikewale.Cache", "{E68522E8-0DD4-4E00-A60F-CAEBAB2236F6}"
EndProject
Project("{FAE04EC0-301F-11D3-BF4B-00C04F79EFBC}") = "Bikewale.Cache", "Bikewale.Cache\Bikewale.Cache.csproj", "{C5F8B7D6-4B62-4169-A73B-87215314D8CB}"
EndProject
Project("{FAE04EC0-301F-11D3-BF4B-00C04F79EFBC}") = "Bikewale.Cache.Core", "Bikewale.Cache.Core\Bikewale.Cache.Core.csproj", "{038BC901-9D7F-4A95-8CA6-117DB3AA48CC}"
EndProject
Project("{2150E333-8FDC-42A3-9474-1A3956D46DE8}") = "Bikewale.Services", "Bikewale.Services", "{CF3A3F7F-04EF-4D5B-A27C-6F9E52600D79}"
EndProject
Project("{FAE04EC0-301F-11D3-BF4B-00C04F79EFBC}") = "Bikewale.Utility", "Bikewale.Utility\Bikewale.Utility.csproj", "{EA0864E7-7715-4D93-80BE-3300BB542E42}"
EndProject
Project("{2150E333-8FDC-42A3-9474-1A3956D46DE8}") = "Bikewale.Uitlities", "Bikewale.Uitlities", "{B11DD9B4-6451-432B-B918-C2F42563C1B2}"
EndProject
Project("{FAE04EC0-301F-11D3-BF4B-00C04F79EFBC}") = "Bikewale.BookingSMS", "Bikewale.BookingSMS\Bikewale.BookingSMS.csproj", "{A0873BDA-D37E-43A8-A11E-493422CDD319}"
EndProject
Project("{FAE04EC0-301F-11D3-BF4B-00C04F79EFBC}") = "Bikewale.Service", "Bikewale.Service\Bikewale.Service.csproj", "{AD048B21-3CD3-406C-BA62-86260F6DE6E6}"
EndProject
Project("{FAE04EC0-301F-11D3-BF4B-00C04F79EFBC}") = "Bikewale.Html", "Bikewale.Html\Bikewale.Html.csproj", "{47ED87A5-CADE-4C54-93BB-BA6C986B59DB}"
EndProject
Project("{FAE04EC0-301F-11D3-BF4B-00C04F79EFBC}") = "Bikewale.UI.Entities", "Bikewale.UI.Entities\Bikewale.UI.Entities.csproj", "{115CAD90-615E-4E59-89D5-45F4696FCE59}"
EndProject
Project("{FAE04EC0-301F-11D3-BF4B-00C04F79EFBC}") = "BikeWaleOpr", "BikeWaleOpr.UI\BikeWaleOpr.csproj", "{C2C24276-4B4E-49B3-9A48-336A65339E3B}"
EndProject
Project("{FAE04EC0-301F-11D3-BF4B-00C04F79EFBC}") = "PriceQuoteLeadSMS", "PriceQuoteLeadSMS\PriceQuoteLeadSMS.csproj", "{75149233-9CA7-41A8-A225-7FEA9649975D}"
EndProject
Project("{FAE04EC0-301F-11D3-BF4B-00C04F79EFBC}") = "BikewaleAutoSuggest", "BikewaleAutoSuggest\BikewaleAutoSuggest.csproj", "{53BA3292-B62D-4A22-9633-8C8CDFDD03E4}"
EndProject
Project("{2150E333-8FDC-42A3-9474-1A3956D46DE8}") = "Bikewale.AppNotification", "Bikewale.AppNotification", "{C4F4E560-F7E4-4738-8746-14B7B3C637D9}"
EndProject
Project("{FAE04EC0-301F-11D3-BF4B-00C04F79EFBC}") = "AppNotification.BAL", "AppNotification.BAL\AppNotification.BAL.csproj", "{82F0B6F7-7AD4-454B-9A8C-86B60A19A3A8}"
EndProject
Project("{FAE04EC0-301F-11D3-BF4B-00C04F79EFBC}") = "AppNotification.DAL", "AppNotification.DAL\AppNotification.DAL.csproj", "{3EC7DAE3-11B5-497B-BFE7-075BC7A8882E}"
EndProject
Project("{FAE04EC0-301F-11D3-BF4B-00C04F79EFBC}") = "AppNotification.Entity", "AppNotification.Entity\AppNotification.Entity.csproj", "{85327C62-A202-4A32-82BD-C225817254CC}"
EndProject
Project("{FAE04EC0-301F-11D3-BF4B-00C04F79EFBC}") = "AppNotification.Interfaces", "AppNotification.Interfaces\AppNotification.Interfaces.csproj", "{1CCA6350-73E0-4FBE-A532-CD5DE9FFACB0}"
EndProject
Project("{FAE04EC0-301F-11D3-BF4B-00C04F79EFBC}") = "AppNotification.NotificationCore", "AppNotification.NotificationCore\AppNotification.NotificationCore.csproj", "{DB83548B-D684-4DD2-BF44-12F5BBD24BFA}"
EndProject
Project("{FAE04EC0-301F-11D3-BF4B-00C04F79EFBC}") = "AppNotification.Notifications", "AppNotification.Notifications\AppNotification.Notifications.csproj", "{3604C3FE-EB59-4103-900D-5411F62FD561}"
EndProject
Project("{FAE04EC0-301F-11D3-BF4B-00C04F79EFBC}") = "AppNotification.Service", "AppNotification.Service\AppNotification.Service.csproj", "{D22A2AC7-B788-43E3-A258-283204508778}"
EndProject
Project("{FAE04EC0-301F-11D3-BF4B-00C04F79EFBC}") = "AppNotification.Utility", "AppNotification.Utility\AppNotification.Utility.csproj", "{4F983966-2A84-495B-B84A-D27958757A07}"
EndProject
Project("{FAE04EC0-301F-11D3-BF4B-00C04F79EFBC}") = "CityIndex", "CityIndex\CityIndex.csproj", "{A33306C9-69EF-4202-8C83-AF7E25C30419}"
EndProject
Project("{FAE04EC0-301F-11D3-BF4B-00C04F79EFBC}") = "BikewaleOpr.Service", "BikewaleOpr.Service\BikewaleOpr.Service.csproj", "{D0C53270-A025-4D8B-A675-93A1CCD58BF6}"
EndProject
Project("{FAE04EC0-301F-11D3-BF4B-00C04F79EFBC}") = "BikewaleOpr.BAL", "BikewaleOpr.BAL\BikewaleOpr.BAL.csproj", "{73FDEF20-A9B6-470D-95F4-25A83AEB28A0}"
EndProject
Project("{FAE04EC0-301F-11D3-BF4B-00C04F79EFBC}") = "BikewaleOpr.DALs", "BikewaleOpr.DALs\BikewaleOpr.DALs.csproj", "{01134F89-C502-492E-A368-0A93D76430EF}"
EndProject
Project("{FAE04EC0-301F-11D3-BF4B-00C04F79EFBC}") = "BikewaleOpr.Interface", "BikewaleOpr.Interface\BikewaleOpr.Interface.csproj", "{539FA12C-3799-4E88-A833-F65594EA1934}"
EndProject
Project("{FAE04EC0-301F-11D3-BF4B-00C04F79EFBC}") = "BikewaleOpr.Entity", "BikewaleOpr.Entity\BikewaleOpr.Entity.csproj", "{CAF758ED-4954-4BE3-BE15-345DBC891970}"
EndProject
Global
	GlobalSection(SolutionConfigurationPlatforms) = preSolution
		Debug|Any CPU = Debug|Any CPU
		Release|Any CPU = Release|Any CPU
	EndGlobalSection
	GlobalSection(ProjectConfigurationPlatforms) = postSolution
		{E5CB4B6A-65E1-4AF5-B989-1B2D4242D3FD}.Debug|Any CPU.ActiveCfg = Debug|Any CPU
		{E5CB4B6A-65E1-4AF5-B989-1B2D4242D3FD}.Debug|Any CPU.Build.0 = Debug|Any CPU
		{E5CB4B6A-65E1-4AF5-B989-1B2D4242D3FD}.Release|Any CPU.ActiveCfg = Release|Any CPU
		{E5CB4B6A-65E1-4AF5-B989-1B2D4242D3FD}.Release|Any CPU.Build.0 = Release|Any CPU
		{D5229109-3B85-48E7-9FF8-5385BDB54C87}.Debug|Any CPU.ActiveCfg = Debug|Any CPU
		{D5229109-3B85-48E7-9FF8-5385BDB54C87}.Debug|Any CPU.Build.0 = Debug|Any CPU
		{D5229109-3B85-48E7-9FF8-5385BDB54C87}.Release|Any CPU.ActiveCfg = Release|Any CPU
		{D5229109-3B85-48E7-9FF8-5385BDB54C87}.Release|Any CPU.Build.0 = Release|Any CPU
		{12B0EDCD-AA9E-41BB-BDC9-CEF75952FD49}.Debug|Any CPU.ActiveCfg = Debug|Any CPU
		{12B0EDCD-AA9E-41BB-BDC9-CEF75952FD49}.Debug|Any CPU.Build.0 = Debug|Any CPU
		{12B0EDCD-AA9E-41BB-BDC9-CEF75952FD49}.Release|Any CPU.ActiveCfg = Release|Any CPU
		{12B0EDCD-AA9E-41BB-BDC9-CEF75952FD49}.Release|Any CPU.Build.0 = Release|Any CPU
		{8223A4B8-DB14-4658-9897-257D872AE8D9}.Debug|Any CPU.ActiveCfg = Debug|Any CPU
		{8223A4B8-DB14-4658-9897-257D872AE8D9}.Debug|Any CPU.Build.0 = Debug|Any CPU
		{8223A4B8-DB14-4658-9897-257D872AE8D9}.Release|Any CPU.ActiveCfg = Release|Any CPU
		{8223A4B8-DB14-4658-9897-257D872AE8D9}.Release|Any CPU.Build.0 = Release|Any CPU
		{DB695E13-ED0E-4349-A32E-A6D03D06C597}.Debug|Any CPU.ActiveCfg = Debug|Any CPU
		{DB695E13-ED0E-4349-A32E-A6D03D06C597}.Debug|Any CPU.Build.0 = Debug|Any CPU
		{DB695E13-ED0E-4349-A32E-A6D03D06C597}.Release|Any CPU.ActiveCfg = Release|Any CPU
		{DB695E13-ED0E-4349-A32E-A6D03D06C597}.Release|Any CPU.Build.0 = Release|Any CPU
		{3CA0D7B6-7E09-449C-A34D-C08CA8118876}.Debug|Any CPU.ActiveCfg = Debug|Any CPU
		{3CA0D7B6-7E09-449C-A34D-C08CA8118876}.Debug|Any CPU.Build.0 = Debug|Any CPU
		{3CA0D7B6-7E09-449C-A34D-C08CA8118876}.Release|Any CPU.ActiveCfg = Release|Any CPU
		{3CA0D7B6-7E09-449C-A34D-C08CA8118876}.Release|Any CPU.Build.0 = Release|Any CPU
		{E3512B04-CD47-4E15-AB1D-CCFC92193273}.Debug|Any CPU.ActiveCfg = Debug|Any CPU
		{E3512B04-CD47-4E15-AB1D-CCFC92193273}.Debug|Any CPU.Build.0 = Debug|Any CPU
		{E3512B04-CD47-4E15-AB1D-CCFC92193273}.Release|Any CPU.ActiveCfg = Release|Any CPU
		{E3512B04-CD47-4E15-AB1D-CCFC92193273}.Release|Any CPU.Build.0 = Release|Any CPU
		{A6404F19-B267-4E37-B186-D8FC010AD2CE}.Debug|Any CPU.ActiveCfg = Debug|Any CPU
		{A6404F19-B267-4E37-B186-D8FC010AD2CE}.Debug|Any CPU.Build.0 = Debug|Any CPU
		{A6404F19-B267-4E37-B186-D8FC010AD2CE}.Release|Any CPU.ActiveCfg = Release|Any CPU
		{A6404F19-B267-4E37-B186-D8FC010AD2CE}.Release|Any CPU.Build.0 = Release|Any CPU
		{B153DBA2-648E-4CA3-8F74-60C18531BBF4}.Debug|Any CPU.ActiveCfg = Debug|Any CPU
		{B153DBA2-648E-4CA3-8F74-60C18531BBF4}.Debug|Any CPU.Build.0 = Debug|Any CPU
		{B153DBA2-648E-4CA3-8F74-60C18531BBF4}.Release|Any CPU.ActiveCfg = Release|Any CPU
		{B153DBA2-648E-4CA3-8F74-60C18531BBF4}.Release|Any CPU.Build.0 = Release|Any CPU
		{C5F8B7D6-4B62-4169-A73B-87215314D8CB}.Debug|Any CPU.ActiveCfg = Debug|Any CPU
		{C5F8B7D6-4B62-4169-A73B-87215314D8CB}.Debug|Any CPU.Build.0 = Debug|Any CPU
		{C5F8B7D6-4B62-4169-A73B-87215314D8CB}.Release|Any CPU.ActiveCfg = Release|Any CPU
		{C5F8B7D6-4B62-4169-A73B-87215314D8CB}.Release|Any CPU.Build.0 = Release|Any CPU
		{038BC901-9D7F-4A95-8CA6-117DB3AA48CC}.Debug|Any CPU.ActiveCfg = Debug|Any CPU
		{038BC901-9D7F-4A95-8CA6-117DB3AA48CC}.Debug|Any CPU.Build.0 = Debug|Any CPU
		{038BC901-9D7F-4A95-8CA6-117DB3AA48CC}.Release|Any CPU.ActiveCfg = Release|Any CPU
		{038BC901-9D7F-4A95-8CA6-117DB3AA48CC}.Release|Any CPU.Build.0 = Release|Any CPU
		{EA0864E7-7715-4D93-80BE-3300BB542E42}.Debug|Any CPU.ActiveCfg = Debug|Any CPU
		{EA0864E7-7715-4D93-80BE-3300BB542E42}.Debug|Any CPU.Build.0 = Debug|Any CPU
		{EA0864E7-7715-4D93-80BE-3300BB542E42}.Release|Any CPU.ActiveCfg = Release|Any CPU
		{EA0864E7-7715-4D93-80BE-3300BB542E42}.Release|Any CPU.Build.0 = Release|Any CPU
		{A0873BDA-D37E-43A8-A11E-493422CDD319}.Debug|Any CPU.ActiveCfg = Debug|Any CPU
		{A0873BDA-D37E-43A8-A11E-493422CDD319}.Debug|Any CPU.Build.0 = Debug|Any CPU
		{A0873BDA-D37E-43A8-A11E-493422CDD319}.Release|Any CPU.ActiveCfg = Release|Any CPU
		{A0873BDA-D37E-43A8-A11E-493422CDD319}.Release|Any CPU.Build.0 = Release|Any CPU
		{AD048B21-3CD3-406C-BA62-86260F6DE6E6}.Debug|Any CPU.ActiveCfg = Debug|Any CPU
		{AD048B21-3CD3-406C-BA62-86260F6DE6E6}.Debug|Any CPU.Build.0 = Debug|Any CPU
		{AD048B21-3CD3-406C-BA62-86260F6DE6E6}.Release|Any CPU.ActiveCfg = Release|Any CPU
		{AD048B21-3CD3-406C-BA62-86260F6DE6E6}.Release|Any CPU.Build.0 = Release|Any CPU
		{47ED87A5-CADE-4C54-93BB-BA6C986B59DB}.Debug|Any CPU.ActiveCfg = Debug|Any CPU
		{47ED87A5-CADE-4C54-93BB-BA6C986B59DB}.Debug|Any CPU.Build.0 = Debug|Any CPU
		{47ED87A5-CADE-4C54-93BB-BA6C986B59DB}.Release|Any CPU.ActiveCfg = Release|Any CPU
		{47ED87A5-CADE-4C54-93BB-BA6C986B59DB}.Release|Any CPU.Build.0 = Release|Any CPU
		{115CAD90-615E-4E59-89D5-45F4696FCE59}.Debug|Any CPU.ActiveCfg = Debug|Any CPU
		{115CAD90-615E-4E59-89D5-45F4696FCE59}.Debug|Any CPU.Build.0 = Debug|Any CPU
		{115CAD90-615E-4E59-89D5-45F4696FCE59}.Release|Any CPU.ActiveCfg = Release|Any CPU
		{115CAD90-615E-4E59-89D5-45F4696FCE59}.Release|Any CPU.Build.0 = Release|Any CPU
		{C2C24276-4B4E-49B3-9A48-336A65339E3B}.Debug|Any CPU.ActiveCfg = Debug|Any CPU
		{C2C24276-4B4E-49B3-9A48-336A65339E3B}.Debug|Any CPU.Build.0 = Debug|Any CPU
		{C2C24276-4B4E-49B3-9A48-336A65339E3B}.Release|Any CPU.ActiveCfg = Release|Any CPU
		{C2C24276-4B4E-49B3-9A48-336A65339E3B}.Release|Any CPU.Build.0 = Release|Any CPU
		{75149233-9CA7-41A8-A225-7FEA9649975D}.Debug|Any CPU.ActiveCfg = Debug|Any CPU
		{75149233-9CA7-41A8-A225-7FEA9649975D}.Debug|Any CPU.Build.0 = Debug|Any CPU
		{75149233-9CA7-41A8-A225-7FEA9649975D}.Release|Any CPU.ActiveCfg = Release|Any CPU
		{75149233-9CA7-41A8-A225-7FEA9649975D}.Release|Any CPU.Build.0 = Release|Any CPU
		{53BA3292-B62D-4A22-9633-8C8CDFDD03E4}.Debug|Any CPU.ActiveCfg = Debug|Any CPU
		{53BA3292-B62D-4A22-9633-8C8CDFDD03E4}.Debug|Any CPU.Build.0 = Debug|Any CPU
		{53BA3292-B62D-4A22-9633-8C8CDFDD03E4}.Release|Any CPU.ActiveCfg = Release|Any CPU
		{53BA3292-B62D-4A22-9633-8C8CDFDD03E4}.Release|Any CPU.Build.0 = Release|Any CPU
		{82F0B6F7-7AD4-454B-9A8C-86B60A19A3A8}.Debug|Any CPU.ActiveCfg = Debug|Any CPU
		{82F0B6F7-7AD4-454B-9A8C-86B60A19A3A8}.Debug|Any CPU.Build.0 = Debug|Any CPU
		{82F0B6F7-7AD4-454B-9A8C-86B60A19A3A8}.Release|Any CPU.ActiveCfg = Release|Any CPU
		{82F0B6F7-7AD4-454B-9A8C-86B60A19A3A8}.Release|Any CPU.Build.0 = Release|Any CPU
		{3EC7DAE3-11B5-497B-BFE7-075BC7A8882E}.Debug|Any CPU.ActiveCfg = Debug|Any CPU
		{3EC7DAE3-11B5-497B-BFE7-075BC7A8882E}.Debug|Any CPU.Build.0 = Debug|Any CPU
		{3EC7DAE3-11B5-497B-BFE7-075BC7A8882E}.Release|Any CPU.ActiveCfg = Release|Any CPU
		{3EC7DAE3-11B5-497B-BFE7-075BC7A8882E}.Release|Any CPU.Build.0 = Release|Any CPU
		{85327C62-A202-4A32-82BD-C225817254CC}.Debug|Any CPU.ActiveCfg = Debug|Any CPU
		{85327C62-A202-4A32-82BD-C225817254CC}.Debug|Any CPU.Build.0 = Debug|Any CPU
		{85327C62-A202-4A32-82BD-C225817254CC}.Release|Any CPU.ActiveCfg = Release|Any CPU
		{85327C62-A202-4A32-82BD-C225817254CC}.Release|Any CPU.Build.0 = Release|Any CPU
		{1CCA6350-73E0-4FBE-A532-CD5DE9FFACB0}.Debug|Any CPU.ActiveCfg = Debug|Any CPU
		{1CCA6350-73E0-4FBE-A532-CD5DE9FFACB0}.Debug|Any CPU.Build.0 = Debug|Any CPU
		{1CCA6350-73E0-4FBE-A532-CD5DE9FFACB0}.Release|Any CPU.ActiveCfg = Release|Any CPU
		{1CCA6350-73E0-4FBE-A532-CD5DE9FFACB0}.Release|Any CPU.Build.0 = Release|Any CPU
		{DB83548B-D684-4DD2-BF44-12F5BBD24BFA}.Debug|Any CPU.ActiveCfg = Debug|Any CPU
		{DB83548B-D684-4DD2-BF44-12F5BBD24BFA}.Debug|Any CPU.Build.0 = Debug|Any CPU
		{DB83548B-D684-4DD2-BF44-12F5BBD24BFA}.Release|Any CPU.ActiveCfg = Release|Any CPU
		{DB83548B-D684-4DD2-BF44-12F5BBD24BFA}.Release|Any CPU.Build.0 = Release|Any CPU
		{3604C3FE-EB59-4103-900D-5411F62FD561}.Debug|Any CPU.ActiveCfg = Debug|Any CPU
		{3604C3FE-EB59-4103-900D-5411F62FD561}.Debug|Any CPU.Build.0 = Debug|Any CPU
		{3604C3FE-EB59-4103-900D-5411F62FD561}.Release|Any CPU.ActiveCfg = Release|Any CPU
		{3604C3FE-EB59-4103-900D-5411F62FD561}.Release|Any CPU.Build.0 = Release|Any CPU
		{D22A2AC7-B788-43E3-A258-283204508778}.Debug|Any CPU.ActiveCfg = Debug|Any CPU
		{D22A2AC7-B788-43E3-A258-283204508778}.Debug|Any CPU.Build.0 = Debug|Any CPU
		{D22A2AC7-B788-43E3-A258-283204508778}.Release|Any CPU.ActiveCfg = Release|Any CPU
		{D22A2AC7-B788-43E3-A258-283204508778}.Release|Any CPU.Build.0 = Release|Any CPU
		{4F983966-2A84-495B-B84A-D27958757A07}.Debug|Any CPU.ActiveCfg = Debug|Any CPU
		{4F983966-2A84-495B-B84A-D27958757A07}.Debug|Any CPU.Build.0 = Debug|Any CPU
		{4F983966-2A84-495B-B84A-D27958757A07}.Release|Any CPU.ActiveCfg = Release|Any CPU
		{4F983966-2A84-495B-B84A-D27958757A07}.Release|Any CPU.Build.0 = Release|Any CPU
		{A33306C9-69EF-4202-8C83-AF7E25C30419}.Debug|Any CPU.ActiveCfg = Debug|Any CPU
		{A33306C9-69EF-4202-8C83-AF7E25C30419}.Debug|Any CPU.Build.0 = Debug|Any CPU
		{A33306C9-69EF-4202-8C83-AF7E25C30419}.Release|Any CPU.ActiveCfg = Release|Any CPU
		{A33306C9-69EF-4202-8C83-AF7E25C30419}.Release|Any CPU.Build.0 = Release|Any CPU
		{D0C53270-A025-4D8B-A675-93A1CCD58BF6}.Debug|Any CPU.ActiveCfg = Debug|Any CPU
		{D0C53270-A025-4D8B-A675-93A1CCD58BF6}.Debug|Any CPU.Build.0 = Debug|Any CPU
		{D0C53270-A025-4D8B-A675-93A1CCD58BF6}.Release|Any CPU.ActiveCfg = Release|Any CPU
		{D0C53270-A025-4D8B-A675-93A1CCD58BF6}.Release|Any CPU.Build.0 = Release|Any CPU
		{73FDEF20-A9B6-470D-95F4-25A83AEB28A0}.Debug|Any CPU.ActiveCfg = Debug|Any CPU
		{73FDEF20-A9B6-470D-95F4-25A83AEB28A0}.Debug|Any CPU.Build.0 = Debug|Any CPU
		{73FDEF20-A9B6-470D-95F4-25A83AEB28A0}.Release|Any CPU.ActiveCfg = Release|Any CPU
		{73FDEF20-A9B6-470D-95F4-25A83AEB28A0}.Release|Any CPU.Build.0 = Release|Any CPU
		{01134F89-C502-492E-A368-0A93D76430EF}.Debug|Any CPU.ActiveCfg = Debug|Any CPU
		{01134F89-C502-492E-A368-0A93D76430EF}.Debug|Any CPU.Build.0 = Debug|Any CPU
		{01134F89-C502-492E-A368-0A93D76430EF}.Release|Any CPU.ActiveCfg = Release|Any CPU
		{01134F89-C502-492E-A368-0A93D76430EF}.Release|Any CPU.Build.0 = Release|Any CPU
		{539FA12C-3799-4E88-A833-F65594EA1934}.Debug|Any CPU.ActiveCfg = Debug|Any CPU
		{539FA12C-3799-4E88-A833-F65594EA1934}.Debug|Any CPU.Build.0 = Debug|Any CPU
		{539FA12C-3799-4E88-A833-F65594EA1934}.Release|Any CPU.ActiveCfg = Release|Any CPU
		{539FA12C-3799-4E88-A833-F65594EA1934}.Release|Any CPU.Build.0 = Release|Any CPU
		{CAF758ED-4954-4BE3-BE15-345DBC891970}.Debug|Any CPU.ActiveCfg = Debug|Any CPU
		{CAF758ED-4954-4BE3-BE15-345DBC891970}.Debug|Any CPU.Build.0 = Debug|Any CPU
		{CAF758ED-4954-4BE3-BE15-345DBC891970}.Release|Any CPU.ActiveCfg = Release|Any CPU
		{CAF758ED-4954-4BE3-BE15-345DBC891970}.Release|Any CPU.Build.0 = Release|Any CPU
	EndGlobalSection
	GlobalSection(SolutionProperties) = preSolution
		HideSolutionNode = FALSE
	EndGlobalSection
	GlobalSection(NestedProjects) = preSolution
		{E5CB4B6A-65E1-4AF5-B989-1B2D4242D3FD} = {42FF1FB7-AC82-4750-8DF6-2BF39E69950E}
		{D5229109-3B85-48E7-9FF8-5385BDB54C87} = {42FF1FB7-AC82-4750-8DF6-2BF39E69950E}
		{12B0EDCD-AA9E-41BB-BDC9-CEF75952FD49} = {2DC8B74C-A310-4479-A869-9D397F8BE000}
		{8223A4B8-DB14-4658-9897-257D872AE8D9} = {7056EFC6-5A25-483F-85CF-686413A705D4}
		{DB695E13-ED0E-4349-A32E-A6D03D06C597} = {7AC67742-45E5-4BF9-AB6B-9C34DBB84A35}
		{3CA0D7B6-7E09-449C-A34D-C08CA8118876} = {D2AE1DE5-22CC-4CA0-AD06-E5B85E93F6E9}
		{E3512B04-CD47-4E15-AB1D-CCFC92193273} = {595F5764-E4E2-4088-BBC2-224213D92FE4}
		{A6404F19-B267-4E37-B186-D8FC010AD2CE} = {7056EFC6-5A25-483F-85CF-686413A705D4}
		{B153DBA2-648E-4CA3-8F74-60C18531BBF4} = {2DC8B74C-A310-4479-A869-9D397F8BE000}
		{C5F8B7D6-4B62-4169-A73B-87215314D8CB} = {E68522E8-0DD4-4E00-A60F-CAEBAB2236F6}
		{038BC901-9D7F-4A95-8CA6-117DB3AA48CC} = {E68522E8-0DD4-4E00-A60F-CAEBAB2236F6}
		{EA0864E7-7715-4D93-80BE-3300BB542E42} = {B11DD9B4-6451-432B-B918-C2F42563C1B2}
		{A0873BDA-D37E-43A8-A11E-493422CDD319} = {B11DD9B4-6451-432B-B918-C2F42563C1B2}
		{AD048B21-3CD3-406C-BA62-86260F6DE6E6} = {CF3A3F7F-04EF-4D5B-A27C-6F9E52600D79}
		{47ED87A5-CADE-4C54-93BB-BA6C986B59DB} = {595F5764-E4E2-4088-BBC2-224213D92FE4}
		{115CAD90-615E-4E59-89D5-45F4696FCE59} = {7056EFC6-5A25-483F-85CF-686413A705D4}
		{C2C24276-4B4E-49B3-9A48-336A65339E3B} = {595F5764-E4E2-4088-BBC2-224213D92FE4}
		{75149233-9CA7-41A8-A225-7FEA9649975D} = {B11DD9B4-6451-432B-B918-C2F42563C1B2}
		{53BA3292-B62D-4A22-9633-8C8CDFDD03E4} = {B11DD9B4-6451-432B-B918-C2F42563C1B2}
		{C4F4E560-F7E4-4738-8746-14B7B3C637D9} = {B11DD9B4-6451-432B-B918-C2F42563C1B2}
		{82F0B6F7-7AD4-454B-9A8C-86B60A19A3A8} = {C4F4E560-F7E4-4738-8746-14B7B3C637D9}
		{3EC7DAE3-11B5-497B-BFE7-075BC7A8882E} = {C4F4E560-F7E4-4738-8746-14B7B3C637D9}
		{85327C62-A202-4A32-82BD-C225817254CC} = {C4F4E560-F7E4-4738-8746-14B7B3C637D9}
		{1CCA6350-73E0-4FBE-A532-CD5DE9FFACB0} = {C4F4E560-F7E4-4738-8746-14B7B3C637D9}
		{DB83548B-D684-4DD2-BF44-12F5BBD24BFA} = {C4F4E560-F7E4-4738-8746-14B7B3C637D9}
		{3604C3FE-EB59-4103-900D-5411F62FD561} = {C4F4E560-F7E4-4738-8746-14B7B3C637D9}
		{D22A2AC7-B788-43E3-A258-283204508778} = {C4F4E560-F7E4-4738-8746-14B7B3C637D9}
		{4F983966-2A84-495B-B84A-D27958757A07} = {C4F4E560-F7E4-4738-8746-14B7B3C637D9}
		{A33306C9-69EF-4202-8C83-AF7E25C30419} = {B11DD9B4-6451-432B-B918-C2F42563C1B2}
		{D0C53270-A025-4D8B-A675-93A1CCD58BF6} = {CF3A3F7F-04EF-4D5B-A27C-6F9E52600D79}
		{73FDEF20-A9B6-470D-95F4-25A83AEB28A0} = {D2AE1DE5-22CC-4CA0-AD06-E5B85E93F6E9}
		{01134F89-C502-492E-A368-0A93D76430EF} = {42FF1FB7-AC82-4750-8DF6-2BF39E69950E}
		{539FA12C-3799-4E88-A833-F65594EA1934} = {2DC8B74C-A310-4479-A869-9D397F8BE000}
		{CAF758ED-4954-4BE3-BE15-345DBC891970} = {7056EFC6-5A25-483F-85CF-686413A705D4}
	EndGlobalSection
EndGlobal
